
Microsoft Visual Studio Solution File, Format Version 12.00
# Visual Studio Version 17
VisualStudioVersion = 17.4.33213.308
MinimumVisualStudioVersion = 10.0.40219.1
Project("{FAE04EC0-301F-11D3-BF4B-00C04F79EFBC}") = "Visitor", "Visitor\Visitor.csproj", "{710E2310-21B0-4996-A5AA-900B2E204ADE}"
EndProject
Global
	GlobalSection(SolutionConfigurationPlatforms) = preSolution
		Debug|Any CPU = Debug|Any CPU
		Release|Any CPU = Release|Any CPU
	EndGlobalSection
	GlobalSection(ProjectConfigurationPlatforms) = postSolution
		{710E2310-21B0-4996-A5AA-900B2E204ADE}.Debug|Any CPU.ActiveCfg = Debug|Any CPU
		{710E2310-21B0-4996-A5AA-900B2E204ADE}.Debug|Any CPU.Build.0 = Debug|Any CPU
		{710E2310-21B0-4996-A5AA-900B2E204ADE}.Release|Any CPU.ActiveCfg = Release|Any CPU
		{710E2310-21B0-4996-A5AA-900B2E204ADE}.Release|Any CPU.Build.0 = Release|Any CPU
	EndGlobalSection
	GlobalSection(SolutionProperties) = preSolution
		HideSolutionNode = FALSE
	EndGlobalSection
	GlobalSection(ExtensibilityGlobals) = postSolution
		SolutionGuid = {A9F40156-36C5-4A67-9B5B-03774B536C42}
	EndGlobalSection
EndGlobal
