
Microsoft Visual Studio Solution File, Format Version 12.00
# Visual Studio Version 17
VisualStudioVersion = 17.4.33213.308
MinimumVisualStudioVersion = 10.0.40219.1
Project("{FAE04EC0-301F-11D3-BF4B-00C04F79EFBC}") = "Iterator", "Iterator\Iterator.csproj", "{159F947E-3AF2-48B9-8258-D630B02B730D}"
EndProject
Global
	GlobalSection(SolutionConfigurationPlatforms) = preSolution
		Debug|Any CPU = Debug|Any CPU
		Release|Any CPU = Release|Any CPU
	EndGlobalSection
	GlobalSection(ProjectConfigurationPlatforms) = postSolution
		{159F947E-3AF2-48B9-8258-D630B02B730D}.Debug|Any CPU.ActiveCfg = Debug|Any CPU
		{159F947E-3AF2-48B9-8258-D630B02B730D}.Debug|Any CPU.Build.0 = Debug|Any CPU
		{159F947E-3AF2-48B9-8258-D630B02B730D}.Release|Any CPU.ActiveCfg = Release|Any CPU
		{159F947E-3AF2-48B9-8258-D630B02B730D}.Release|Any CPU.Build.0 = Release|Any CPU
	EndGlobalSection
	GlobalSection(SolutionProperties) = preSolution
		HideSolutionNode = FALSE
	EndGlobalSection
	GlobalSection(ExtensibilityGlobals) = postSolution
		SolutionGuid = {B479494B-A703-46CE-A6E4-BC3AF7DF9C14}
	EndGlobalSection
EndGlobal
